
Microsoft Visual Studio Solution File, Format Version 12.00
# Visual Studio Version 17
VisualStudioVersion = 17.2.32630.192
MinimumVisualStudioVersion = 10.0.40219.1
Project("{9A19103F-16F7-4668-BE54-9A1E7A4F7556}") = "EntityFramework.API", "EntityFramework.API\EntityFramework.API.csproj", "{A7A5E1FC-C73A-46A5-98C1-ADAB394D9C56}"
EndProject
Project("{9A19103F-16F7-4668-BE54-9A1E7A4F7556}") = "LanguageAll", "LanguageAll\LanguageAll.csproj", "{A5CBD749-CD9D-4B0B-9069-0FCEE1B07693}"
EndProject
Project("{9A19103F-16F7-4668-BE54-9A1E7A4F7556}") = "Auth", "Auth\Auth.csproj", "{D0A48CAE-829C-4D3F-AD3C-6CC9D3C887C0}"
EndProject
Project("{9A19103F-16F7-4668-BE54-9A1E7A4F7556}") = "Paygate", "Paygate\Paygate.csproj", "{95440D28-B730-4FD3-9F77-E8D0CA476DC1}"
EndProject
Project("{9A19103F-16F7-4668-BE54-9A1E7A4F7556}") = "SMSGetway", "SMSGetway\SMSGetway.csproj", "{F7E2BABC-65DE-48BE-B001-91D8816B84D3}"
EndProject
Project("{9A19103F-16F7-4668-BE54-9A1E7A4F7556}") = "MobileAPI", "MobileAPI\MobileAPI.csproj", "{7096CEEF-151F-4B91-B56A-75531D21F5A8}"
EndProject
Project("{9A19103F-16F7-4668-BE54-9A1E7A4F7556}") = "Utils", "Utils\Utils.csproj", "{1E4DF1BC-CB79-4AA0-819F-CEE0FF2C4574}"
EndProject
Project("{FAE04EC0-301F-11D3-BF4B-00C04F79EFBC}") = "UnitTestMobile", "UnitTestMobile\UnitTestMobile.csproj", "{9B901114-98A5-4096-AC67-DA19F2BC8BF0}"
EndProject
Global
	GlobalSection(SolutionConfigurationPlatforms) = preSolution
		Debug|Any CPU = Debug|Any CPU
		Release|Any CPU = Release|Any CPU
	EndGlobalSection
	GlobalSection(ProjectConfigurationPlatforms) = postSolution
		{A7A5E1FC-C73A-46A5-98C1-ADAB394D9C56}.Debug|Any CPU.ActiveCfg = Debug|Any CPU
		{A7A5E1FC-C73A-46A5-98C1-ADAB394D9C56}.Debug|Any CPU.Build.0 = Debug|Any CPU
		{A7A5E1FC-C73A-46A5-98C1-ADAB394D9C56}.Release|Any CPU.ActiveCfg = Release|Any CPU
		{A7A5E1FC-C73A-46A5-98C1-ADAB394D9C56}.Release|Any CPU.Build.0 = Release|Any CPU
		{A5CBD749-CD9D-4B0B-9069-0FCEE1B07693}.Debug|Any CPU.ActiveCfg = Debug|Any CPU
		{A5CBD749-CD9D-4B0B-9069-0FCEE1B07693}.Debug|Any CPU.Build.0 = Debug|Any CPU
		{A5CBD749-CD9D-4B0B-9069-0FCEE1B07693}.Release|Any CPU.ActiveCfg = Release|Any CPU
		{A5CBD749-CD9D-4B0B-9069-0FCEE1B07693}.Release|Any CPU.Build.0 = Release|Any CPU
		{D0A48CAE-829C-4D3F-AD3C-6CC9D3C887C0}.Debug|Any CPU.ActiveCfg = Debug|Any CPU
		{D0A48CAE-829C-4D3F-AD3C-6CC9D3C887C0}.Debug|Any CPU.Build.0 = Debug|Any CPU
		{D0A48CAE-829C-4D3F-AD3C-6CC9D3C887C0}.Release|Any CPU.ActiveCfg = Release|Any CPU
		{D0A48CAE-829C-4D3F-AD3C-6CC9D3C887C0}.Release|Any CPU.Build.0 = Release|Any CPU
		{95440D28-B730-4FD3-9F77-E8D0CA476DC1}.Debug|Any CPU.ActiveCfg = Debug|Any CPU
		{95440D28-B730-4FD3-9F77-E8D0CA476DC1}.Debug|Any CPU.Build.0 = Debug|Any CPU
		{95440D28-B730-4FD3-9F77-E8D0CA476DC1}.Release|Any CPU.ActiveCfg = Release|Any CPU
		{95440D28-B730-4FD3-9F77-E8D0CA476DC1}.Release|Any CPU.Build.0 = Release|Any CPU
		{F7E2BABC-65DE-48BE-B001-91D8816B84D3}.Debug|Any CPU.ActiveCfg = Debug|Any CPU
		{F7E2BABC-65DE-48BE-B001-91D8816B84D3}.Debug|Any CPU.Build.0 = Debug|Any CPU
		{F7E2BABC-65DE-48BE-B001-91D8816B84D3}.Release|Any CPU.ActiveCfg = Release|Any CPU
		{F7E2BABC-65DE-48BE-B001-91D8816B84D3}.Release|Any CPU.Build.0 = Release|Any CPU
		{7096CEEF-151F-4B91-B56A-75531D21F5A8}.Debug|Any CPU.ActiveCfg = Debug|Any CPU
		{7096CEEF-151F-4B91-B56A-75531D21F5A8}.Debug|Any CPU.Build.0 = Debug|Any CPU
		{7096CEEF-151F-4B91-B56A-75531D21F5A8}.Release|Any CPU.ActiveCfg = Release|Any CPU
		{7096CEEF-151F-4B91-B56A-75531D21F5A8}.Release|Any CPU.Build.0 = Release|Any CPU
		{1E4DF1BC-CB79-4AA0-819F-CEE0FF2C4574}.Debug|Any CPU.ActiveCfg = Debug|Any CPU
		{1E4DF1BC-CB79-4AA0-819F-CEE0FF2C4574}.Debug|Any CPU.Build.0 = Debug|Any CPU
		{1E4DF1BC-CB79-4AA0-819F-CEE0FF2C4574}.Release|Any CPU.ActiveCfg = Release|Any CPU
		{1E4DF1BC-CB79-4AA0-819F-CEE0FF2C4574}.Release|Any CPU.Build.0 = Release|Any CPU
		{9B901114-98A5-4096-AC67-DA19F2BC8BF0}.Debug|Any CPU.ActiveCfg = Debug|Any CPU
		{9B901114-98A5-4096-AC67-DA19F2BC8BF0}.Debug|Any CPU.Build.0 = Debug|Any CPU
		{9B901114-98A5-4096-AC67-DA19F2BC8BF0}.Release|Any CPU.ActiveCfg = Release|Any CPU
		{9B901114-98A5-4096-AC67-DA19F2BC8BF0}.Release|Any CPU.Build.0 = Release|Any CPU
	EndGlobalSection
	GlobalSection(SolutionProperties) = preSolution
		HideSolutionNode = FALSE
	EndGlobalSection
	GlobalSection(ExtensibilityGlobals) = postSolution
		SolutionGuid = {4F788F3C-E59E-49A2-95CE-E99768331785}
	EndGlobalSection
EndGlobal
